
Microsoft Visual Studio Solution File, Format Version 12.00
# Visual Studio 15
VisualStudioVersion = 15.0.27703.2047
MinimumVisualStudioVersion = 10.0.40219.1
Project("{FAE04EC0-301F-11D3-BF4B-00C04F79EFBC}") = "lab_5_antivirus", "lab_5_antivirus\lab_5_antivirus.csproj", "{99F5781F-BC8B-4D4D-A584-42DFD7B07DA4}"
EndProject
Global
	GlobalSection(SolutionConfigurationPlatforms) = preSolution
		Debug|Any CPU = Debug|Any CPU
		Release|Any CPU = Release|Any CPU
	EndGlobalSection
	GlobalSection(ProjectConfigurationPlatforms) = postSolution
		{99F5781F-BC8B-4D4D-A584-42DFD7B07DA4}.Debug|Any CPU.ActiveCfg = Debug|Any CPU
		{99F5781F-BC8B-4D4D-A584-42DFD7B07DA4}.Debug|Any CPU.Build.0 = Debug|Any CPU
		{99F5781F-BC8B-4D4D-A584-42DFD7B07DA4}.Release|Any CPU.ActiveCfg = Release|Any CPU
		{99F5781F-BC8B-4D4D-A584-42DFD7B07DA4}.Release|Any CPU.Build.0 = Release|Any CPU
	EndGlobalSection
	GlobalSection(SolutionProperties) = preSolution
		HideSolutionNode = FALSE
	EndGlobalSection
	GlobalSection(ExtensibilityGlobals) = postSolution
		SolutionGuid = {F7A2C08E-553F-4153-8094-AA9ABCC004B4}
	EndGlobalSection
EndGlobal
